
Microsoft Visual Studio Solution File, Format Version 12.00
# Visual Studio Version 17
VisualStudioVersion = 17.3.32929.385
MinimumVisualStudioVersion = 10.0.40219.1
Project("{FAE04EC0-301F-11D3-BF4B-00C04F79EFBC}") = "PrimalityNumbers", "PrimalityNumbers\PrimalityNumbers.csproj", "{40D02A72-48C6-4214-ABB8-0828857B5D2D}"
EndProject
Global
	GlobalSection(SolutionConfigurationPlatforms) = preSolution
		Debug|Any CPU = Debug|Any CPU
		Release|Any CPU = Release|Any CPU
	EndGlobalSection
	GlobalSection(ProjectConfigurationPlatforms) = postSolution
		{40D02A72-48C6-4214-ABB8-0828857B5D2D}.Debug|Any CPU.ActiveCfg = Debug|Any CPU
		{40D02A72-48C6-4214-ABB8-0828857B5D2D}.Debug|Any CPU.Build.0 = Debug|Any CPU
		{40D02A72-48C6-4214-ABB8-0828857B5D2D}.Release|Any CPU.ActiveCfg = Release|Any CPU
		{40D02A72-48C6-4214-ABB8-0828857B5D2D}.Release|Any CPU.Build.0 = Release|Any CPU
	EndGlobalSection
	GlobalSection(SolutionProperties) = preSolution
		HideSolutionNode = FALSE
	EndGlobalSection
	GlobalSection(ExtensibilityGlobals) = postSolution
		SolutionGuid = {82F60679-1F46-45B3-BAEB-099B0C3D864A}
	EndGlobalSection
EndGlobal
